// !$*UTF8*$!
{
	archiveVersion = 1;
	classes = {
	};
	objectVersion = 56;
	objects = {

/* Begin PBXBuildFile section */
		0C1076DA2C1CE8A500EB34B8 /* Extensions.swift in Sources */ = {isa = PBXBuildFile; fileRef = 0C1076D92C1CE8A500EB34B8 /* Extensions.swift */; };
		0CFF3AC72C1A27FC007AC8C8 /* AppDelegate.swift in Sources */ = {isa = PBXBuildFile; fileRef = 0CFF3AC62C1A27FC007AC8C8 /* AppDelegate.swift */; };
		0CFF3AC92C1A27FC007AC8C8 /* SceneDelegate.swift in Sources */ = {isa = PBXBuildFile; fileRef = 0CFF3AC82C1A27FC007AC8C8 /* SceneDelegate.swift */; };
		0CFF3ACB2C1A27FC007AC8C8 /* MainArtistViewController.swift in Sources */ = {isa = PBXBuildFile; fileRef = 0CFF3ACA2C1A27FC007AC8C8 /* MainArtistViewController.swift */; };
		0CFF3ACE2C1A27FC007AC8C8 /* Base in Resources */ = {isa = PBXBuildFile; fileRef = 0CFF3ACD2C1A27FC007AC8C8 /* Base */; };
		0CFF3AD02C1A27FD007AC8C8 /* Assets.xcassets in Resources */ = {isa = PBXBuildFile; fileRef = 0CFF3ACF2C1A27FD007AC8C8 /* Assets.xcassets */; };
		0CFF3AD32C1A27FD007AC8C8 /* Base in Resources */ = {isa = PBXBuildFile; fileRef = 0CFF3AD22C1A27FD007AC8C8 /* Base */; };
		0CFF3ADE2C1A27FD007AC8C8 /* iTuneArtistTests.swift in Sources */ = {isa = PBXBuildFile; fileRef = 0CFF3ADD2C1A27FD007AC8C8 /* iTuneArtistTests.swift */; };
		0CFF3AE82C1A27FD007AC8C8 /* iTuneArtistUITests.swift in Sources */ = {isa = PBXBuildFile; fileRef = 0CFF3AE72C1A27FD007AC8C8 /* iTuneArtistUITests.swift */; };
		0CFF3AEA2C1A27FD007AC8C8 /* iTuneArtistUITestsLaunchTests.swift in Sources */ = {isa = PBXBuildFile; fileRef = 0CFF3AE92C1A27FD007AC8C8 /* iTuneArtistUITestsLaunchTests.swift */; };
		0CFF3AF72C1A29CE007AC8C8 /* Models.swift in Sources */ = {isa = PBXBuildFile; fileRef = 0CFF3AF62C1A29CE007AC8C8 /* Models.swift */; };
		0CFF3AF92C1A2A66007AC8C8 /* ApiClass.swift in Sources */ = {isa = PBXBuildFile; fileRef = 0CFF3AF82C1A2A66007AC8C8 /* ApiClass.swift */; };
		0CFF3B002C1A2C8A007AC8C8 /* ITuneArtistNameCell.swift in Sources */ = {isa = PBXBuildFile; fileRef = 0CFF3AFF2C1A2C8A007AC8C8 /* ITuneArtistNameCell.swift */; };
		0CFF3B022C1A324F007AC8C8 /* Constants.swift in Sources */ = {isa = PBXBuildFile; fileRef = 0CFF3B012C1A324F007AC8C8 /* Constants.swift */; };
		0CFF3B042C1A3F38007AC8C8 /* ArtistDetailViewController.swift in Sources */ = {isa = PBXBuildFile; fileRef = 0CFF3B032C1A3F38007AC8C8 /* ArtistDetailViewController.swift */; };
/* End PBXBuildFile section */

/* Begin PBXContainerItemProxy section */
		0CFF3ADA2C1A27FD007AC8C8 /* PBXContainerItemProxy */ = {
			isa = PBXContainerItemProxy;
			containerPortal = 0CFF3ABB2C1A27FC007AC8C8 /* Project object */;
			proxyType = 1;
			remoteGlobalIDString = 0CFF3AC22C1A27FC007AC8C8;
			remoteInfo = iTuneArtist;
		};
		0CFF3AE42C1A27FD007AC8C8 /* PBXContainerItemProxy */ = {
			isa = PBXContainerItemProxy;
			containerPortal = 0CFF3ABB2C1A27FC007AC8C8 /* Project object */;
			proxyType = 1;
			remoteGlobalIDString = 0CFF3AC22C1A27FC007AC8C8;
			remoteInfo = iTuneArtist;
		};
/* End PBXContainerItemProxy section */

/* Begin PBXFileReference section */
		0C1076D92C1CE8A500EB34B8 /* Extensions.swift */ = {isa = PBXFileReference; lastKnownFileType = sourcecode.swift; path = Extensions.swift; sourceTree = "<group>"; };
		0CFF3AC32C1A27FC007AC8C8 /* iTuneArtist.app */ = {isa = PBXFileReference; explicitFileType = wrapper.application; includeInIndex = 0; path = iTuneArtist.app; sourceTree = BUILT_PRODUCTS_DIR; };
		0CFF3AC62C1A27FC007AC8C8 /* AppDelegate.swift */ = {isa = PBXFileReference; lastKnownFileType = sourcecode.swift; path = AppDelegate.swift; sourceTree = "<group>"; };
		0CFF3AC82C1A27FC007AC8C8 /* SceneDelegate.swift */ = {isa = PBXFileReference; lastKnownFileType = sourcecode.swift; path = SceneDelegate.swift; sourceTree = "<group>"; };
		0CFF3ACA2C1A27FC007AC8C8 /* MainArtistViewController.swift */ = {isa = PBXFileReference; lastKnownFileType = sourcecode.swift; path = MainArtistViewController.swift; sourceTree = "<group>"; };
		0CFF3ACD2C1A27FC007AC8C8 /* Base */ = {isa = PBXFileReference; lastKnownFileType = file.storyboard; name = Base; path = Base.lproj/Main.storyboard; sourceTree = "<group>"; };
		0CFF3ACF2C1A27FD007AC8C8 /* Assets.xcassets */ = {isa = PBXFileReference; lastKnownFileType = folder.assetcatalog; path = Assets.xcassets; sourceTree = "<group>"; };
		0CFF3AD22C1A27FD007AC8C8 /* Base */ = {isa = PBXFileReference; lastKnownFileType = file.storyboard; name = Base; path = Base.lproj/LaunchScreen.storyboard; sourceTree = "<group>"; };
		0CFF3AD42C1A27FD007AC8C8 /* Info.plist */ = {isa = PBXFileReference; lastKnownFileType = text.plist.xml; path = Info.plist; sourceTree = "<group>"; };
		0CFF3AD92C1A27FD007AC8C8 /* iTuneArtistTests.xctest */ = {isa = PBXFileReference; explicitFileType = wrapper.cfbundle; includeInIndex = 0; path = iTuneArtistTests.xctest; sourceTree = BUILT_PRODUCTS_DIR; };
		0CFF3ADD2C1A27FD007AC8C8 /* iTuneArtistTests.swift */ = {isa = PBXFileReference; lastKnownFileType = sourcecode.swift; path = iTuneArtistTests.swift; sourceTree = "<group>"; };
		0CFF3AE32C1A27FD007AC8C8 /* iTuneArtistUITests.xctest */ = {isa = PBXFileReference; explicitFileType = wrapper.cfbundle; includeInIndex = 0; path = iTuneArtistUITests.xctest; sourceTree = BUILT_PRODUCTS_DIR; };
		0CFF3AE72C1A27FD007AC8C8 /* iTuneArtistUITests.swift */ = {isa = PBXFileReference; lastKnownFileType = sourcecode.swift; path = iTuneArtistUITests.swift; sourceTree = "<group>"; };
		0CFF3AE92C1A27FD007AC8C8 /* iTuneArtistUITestsLaunchTests.swift */ = {isa = PBXFileReference; lastKnownFileType = sourcecode.swift; path = iTuneArtistUITestsLaunchTests.swift; sourceTree = "<group>"; };
		0CFF3AF62C1A29CE007AC8C8 /* Models.swift */ = {isa = PBXFileReference; lastKnownFileType = sourcecode.swift; path = Models.swift; sourceTree = "<group>"; };
		0CFF3AF82C1A2A66007AC8C8 /* ApiClass.swift */ = {isa = PBXFileReference; fileEncoding = 4; lastKnownFileType = sourcecode.swift; path = ApiClass.swift; sourceTree = "<group>"; };
		0CFF3AFF2C1A2C8A007AC8C8 /* ITuneArtistNameCell.swift */ = {isa = PBXFileReference; lastKnownFileType = sourcecode.swift; name = ITuneArtistNameCell.swift; path = iTuneArtist/Views/ITuneArtistNameCell.swift; sourceTree = SOURCE_ROOT; };
		0CFF3B012C1A324F007AC8C8 /* Constants.swift */ = {isa = PBXFileReference; lastKnownFileType = sourcecode.swift; path = Constants.swift; sourceTree = "<group>"; };
		0CFF3B032C1A3F38007AC8C8 /* ArtistDetailViewController.swift */ = {isa = PBXFileReference; lastKnownFileType = sourcecode.swift; path = ArtistDetailViewController.swift; sourceTree = "<group>"; };
/* End PBXFileReference section */

/* Begin PBXFrameworksBuildPhase section */
		0CFF3AC02C1A27FC007AC8C8 /* Frameworks */ = {
			isa = PBXFrameworksBuildPhase;
			buildActionMask = 2147483647;
			files = (
			);
			runOnlyForDeploymentPostprocessing = 0;
		};
		0CFF3AD62C1A27FD007AC8C8 /* Frameworks */ = {
			isa = PBXFrameworksBuildPhase;
			buildActionMask = 2147483647;
			files = (
			);
			runOnlyForDeploymentPostprocessing = 0;
		};
		0CFF3AE02C1A27FD007AC8C8 /* Frameworks */ = {
			isa = PBXFrameworksBuildPhase;
			buildActionMask = 2147483647;
			files = (
			);
			runOnlyForDeploymentPostprocessing = 0;
		};
/* End PBXFrameworksBuildPhase section */

/* Begin PBXGroup section */
		0CFF3ABA2C1A27FC007AC8C8 = {
			isa = PBXGroup;
			children = (
				0CFF3AC52C1A27FC007AC8C8 /* iTuneArtist */,
				0CFF3ADC2C1A27FD007AC8C8 /* iTuneArtistTests */,
				0CFF3AE62C1A27FD007AC8C8 /* iTuneArtistUITests */,
				0CFF3AC42C1A27FC007AC8C8 /* Products */,
			);
			sourceTree = "<group>";
		};
		0CFF3AC42C1A27FC007AC8C8 /* Products */ = {
			isa = PBXGroup;
			children = (
				0CFF3AC32C1A27FC007AC8C8 /* iTuneArtist.app */,
				0CFF3AD92C1A27FD007AC8C8 /* iTuneArtistTests.xctest */,
				0CFF3AE32C1A27FD007AC8C8 /* iTuneArtistUITests.xctest */,
			);
			name = Products;
			sourceTree = "<group>";
		};
		0CFF3AC52C1A27FC007AC8C8 /* iTuneArtist */ = {
			isa = PBXGroup;
			children = (
				0CFF3AC62C1A27FC007AC8C8 /* AppDelegate.swift */,
				0CFF3AC82C1A27FC007AC8C8 /* SceneDelegate.swift */,
				0CFF3AFE2C1A2C2D007AC8C8 /* Common */,
				0CFF3AFD2C1A2BE4007AC8C8 /* Controllers */,
				0CFF3AFC2C1A2BCB007AC8C8 /* Models */,
				0CFF3AFB2C1A2B87007AC8C8 /* Views */,
				0CFF3AFA2C1A2B6B007AC8C8 /* NetworkLayer */,
				0CFF3ACF2C1A27FD007AC8C8 /* Assets.xcassets */,
				0CFF3AD42C1A27FD007AC8C8 /* Info.plist */,
			);
			path = iTuneArtist;
			sourceTree = "<group>";
		};
		0CFF3ADC2C1A27FD007AC8C8 /* iTuneArtistTests */ = {
			isa = PBXGroup;
			children = (
				0CFF3ADD2C1A27FD007AC8C8 /* iTuneArtistTests.swift */,
			);
			path = iTuneArtistTests;
			sourceTree = "<group>";
		};
		0CFF3AE62C1A27FD007AC8C8 /* iTuneArtistUITests */ = {
			isa = PBXGroup;
			children = (
				0CFF3AE72C1A27FD007AC8C8 /* iTuneArtistUITests.swift */,
				0CFF3AE92C1A27FD007AC8C8 /* iTuneArtistUITestsLaunchTests.swift */,
			);
			path = iTuneArtistUITests;
			sourceTree = "<group>";
		};
		0CFF3AFA2C1A2B6B007AC8C8 /* NetworkLayer */ = {
			isa = PBXGroup;
			children = (
				0CFF3AF82C1A2A66007AC8C8 /* ApiClass.swift */,
			);
			path = NetworkLayer;
			sourceTree = "<group>";
		};
		0CFF3AFB2C1A2B87007AC8C8 /* Views */ = {
			isa = PBXGroup;
			children = (
				0CFF3AFF2C1A2C8A007AC8C8 /* ITuneArtistNameCell.swift */,
				0CFF3ACC2C1A27FC007AC8C8 /* Main.storyboard */,
				0CFF3AD12C1A27FD007AC8C8 /* LaunchScreen.storyboard */,
			);
			path = Views;
			sourceTree = "<group>";
		};
		0CFF3AFC2C1A2BCB007AC8C8 /* Models */ = {
			isa = PBXGroup;
			children = (
				0CFF3AF62C1A29CE007AC8C8 /* Models.swift */,
			);
			path = Models;
			sourceTree = "<group>";
		};
		0CFF3AFD2C1A2BE4007AC8C8 /* Controllers */ = {
			isa = PBXGroup;
			children = (
				0CFF3ACA2C1A27FC007AC8C8 /* MainArtistViewController.swift */,
				0CFF3B032C1A3F38007AC8C8 /* ArtistDetailViewController.swift */,
			);
			path = Controllers;
			sourceTree = "<group>";
		};
		0CFF3AFE2C1A2C2D007AC8C8 /* Common */ = {
			isa = PBXGroup;
			children = (
				0CFF3B012C1A324F007AC8C8 /* Constants.swift */,
				0C1076D92C1CE8A500EB34B8 /* Extensions.swift */,
			);
			path = Common;
			sourceTree = "<group>";
		};
/* End PBXGroup section */

/* Begin PBXNativeTarget section */
		0CFF3AC22C1A27FC007AC8C8 /* iTuneArtist */ = {
			isa = PBXNativeTarget;
			buildConfigurationList = 0CFF3AED2C1A27FD007AC8C8 /* Build configuration list for PBXNativeTarget "iTuneArtist" */;
			buildPhases = (
				0CFF3ABF2C1A27FC007AC8C8 /* Sources */,
				0CFF3AC02C1A27FC007AC8C8 /* Frameworks */,
				0CFF3AC12C1A27FC007AC8C8 /* Resources */,
			);
			buildRules = (
			);
			dependencies = (
			);
			name = iTuneArtist;
			productName = iTuneArtist;
			productReference = 0CFF3AC32C1A27FC007AC8C8 /* iTuneArtist.app */;
			productType = "com.apple.product-type.application";
		};
		0CFF3AD82C1A27FD007AC8C8 /* iTuneArtistTests */ = {
			isa = PBXNativeTarget;
			buildConfigurationList = 0CFF3AF02C1A27FD007AC8C8 /* Build configuration list for PBXNativeTarget "iTuneArtistTests" */;
			buildPhases = (
				0CFF3AD52C1A27FD007AC8C8 /* Sources */,
				0CFF3AD62C1A27FD007AC8C8 /* Frameworks */,
				0CFF3AD72C1A27FD007AC8C8 /* Resources */,
			);
			buildRules = (
			);
			dependencies = (
				0CFF3ADB2C1A27FD007AC8C8 /* PBXTargetDependency */,
			);
			name = iTuneArtistTests;
			productName = iTuneArtistTests;
			productReference = 0CFF3AD92C1A27FD007AC8C8 /* iTuneArtistTests.xctest */;
			productType = "com.apple.product-type.bundle.unit-test";
		};
		0CFF3AE22C1A27FD007AC8C8 /* iTuneArtistUITests */ = {
			isa = PBXNativeTarget;
			buildConfigurationList = 0CFF3AF32C1A27FD007AC8C8 /* Build configuration list for PBXNativeTarget "iTuneArtistUITests" */;
			buildPhases = (
				0CFF3ADF2C1A27FD007AC8C8 /* Sources */,
				0CFF3AE02C1A27FD007AC8C8 /* Frameworks */,
				0CFF3AE12C1A27FD007AC8C8 /* Resources */,
			);
			buildRules = (
			);
			dependencies = (
				0CFF3AE52C1A27FD007AC8C8 /* PBXTargetDependency */,
			);
			name = iTuneArtistUITests;
			productName = iTuneArtistUITests;
			productReference = 0CFF3AE32C1A27FD007AC8C8 /* iTuneArtistUITests.xctest */;
			productType = "com.apple.product-type.bundle.ui-testing";
		};
/* End PBXNativeTarget section */

/* Begin PBXProject section */
		0CFF3ABB2C1A27FC007AC8C8 /* Project object */ = {
			isa = PBXProject;
			attributes = {
				BuildIndependentTargetsInParallel = 1;
				LastSwiftUpdateCheck = 1540;
				LastUpgradeCheck = 1540;
				TargetAttributes = {
					0CFF3AC22C1A27FC007AC8C8 = {
						CreatedOnToolsVersion = 15.4;
					};
					0CFF3AD82C1A27FD007AC8C8 = {
						CreatedOnToolsVersion = 15.4;
						TestTargetID = 0CFF3AC22C1A27FC007AC8C8;
					};
					0CFF3AE22C1A27FD007AC8C8 = {
						CreatedOnToolsVersion = 15.4;
						TestTargetID = 0CFF3AC22C1A27FC007AC8C8;
					};
				};
			};
			buildConfigurationList = 0CFF3ABE2C1A27FC007AC8C8 /* Build configuration list for PBXProject "iTuneArtist" */;
			compatibilityVersion = "Xcode 14.0";
			developmentRegion = en;
			hasScannedForEncodings = 0;
			knownRegions = (
				en,
				Base,
			);
			mainGroup = 0CFF3ABA2C1A27FC007AC8C8;
			productRefGroup = 0CFF3AC42C1A27FC007AC8C8 /* Products */;
			projectDirPath = "";
			projectRoot = "";
			targets = (
				0CFF3AC22C1A27FC007AC8C8 /* iTuneArtist */,
				0CFF3AD82C1A27FD007AC8C8 /* iTuneArtistTests */,
				0CFF3AE22C1A27FD007AC8C8 /* iTuneArtistUITests */,
			);
		};
/* End PBXProject section */

/* Begin PBXResourcesBuildPhase section */
		0CFF3AC12C1A27FC007AC8C8 /* Resources */ = {
			isa = PBXResourcesBuildPhase;
			buildActionMask = 2147483647;
			files = (
				0CFF3AD02C1A27FD007AC8C8 /* Assets.xcassets in Resources */,
				0CFF3AD32C1A27FD007AC8C8 /* Base in Resources */,
				0CFF3ACE2C1A27FC007AC8C8 /* Base in Resources */,
			);
			runOnlyForDeploymentPostprocessing = 0;
		};
		0CFF3AD72C1A27FD007AC8C8 /* Resources */ = {
			isa = PBXResourcesBuildPhase;
			buildActionMask = 2147483647;
			files = (
			);
			runOnlyForDeploymentPostprocessing = 0;
		};
		0CFF3AE12C1A27FD007AC8C8 /* Resources */ = {
			isa = PBXResourcesBuildPhase;
			buildActionMask = 2147483647;
			files = (
			);
			runOnlyForDeploymentPostprocessing = 0;
		};
/* End PBXResourcesBuildPhase section */

/* Begin PBXSourcesBuildPhase section */
		0CFF3ABF2C1A27FC007AC8C8 /* Sources */ = {
			isa = PBXSourcesBuildPhase;
			buildActionMask = 2147483647;
			files = (
				0CFF3B042C1A3F38007AC8C8 /* ArtistDetailViewController.swift in Sources */,
				0C1076DA2C1CE8A500EB34B8 /* Extensions.swift in Sources */,
				0CFF3ACB2C1A27FC007AC8C8 /* MainArtistViewController.swift in Sources */,
				0CFF3AC72C1A27FC007AC8C8 /* AppDelegate.swift in Sources */,
				0CFF3B002C1A2C8A007AC8C8 /* ITuneArtistNameCell.swift in Sources */,
				0CFF3AC92C1A27FC007AC8C8 /* SceneDelegate.swift in Sources */,
				0CFF3B022C1A324F007AC8C8 /* Constants.swift in Sources */,
				0CFF3AF92C1A2A66007AC8C8 /* ApiClass.swift in Sources */,
				0CFF3AF72C1A29CE007AC8C8 /* Models.swift in Sources */,
			);
			runOnlyForDeploymentPostprocessing = 0;
		};
		0CFF3AD52C1A27FD007AC8C8 /* Sources */ = {
			isa = PBXSourcesBuildPhase;
			buildActionMask = 2147483647;
			files = (
				0CFF3ADE2C1A27FD007AC8C8 /* iTuneArtistTests.swift in Sources */,
			);
			runOnlyForDeploymentPostprocessing = 0;
		};
		0CFF3ADF2C1A27FD007AC8C8 /* Sources */ = {
			isa = PBXSourcesBuildPhase;
			buildActionMask = 2147483647;
			files = (
				0CFF3AE82C1A27FD007AC8C8 /* iTuneArtistUITests.swift in Sources */,
				0CFF3AEA2C1A27FD007AC8C8 /* iTuneArtistUITestsLaunchTests.swift in Sources */,
			);
			runOnlyForDeploymentPostprocessing = 0;
		};
/* End PBXSourcesBuildPhase section */

/* Begin PBXTargetDependency section */
		0CFF3ADB2C1A27FD007AC8C8 /* PBXTargetDependency */ = {
			isa = PBXTargetDependency;
			target = 0CFF3AC22C1A27FC007AC8C8 /* iTuneArtist */;
			targetProxy = 0CFF3ADA2C1A27FD007AC8C8 /* PBXContainerItemProxy */;
		};
		0CFF3AE52C1A27FD007AC8C8 /* PBXTargetDependency */ = {
			isa = PBXTargetDependency;
			target = 0CFF3AC22C1A27FC007AC8C8 /* iTuneArtist */;
			targetProxy = 0CFF3AE42C1A27FD007AC8C8 /* PBXContainerItemProxy */;
		};
/* End PBXTargetDependency section */

/* Begin PBXVariantGroup section */
		0CFF3ACC2C1A27FC007AC8C8 /* Main.storyboard */ = {
			isa = PBXVariantGroup;
			children = (
				0CFF3ACD2C1A27FC007AC8C8 /* Base */,
			);
			name = Main.storyboard;
			sourceTree = "<group>";
		};
		0CFF3AD12C1A27FD007AC8C8 /* LaunchScreen.storyboard */ = {
			isa = PBXVariantGroup;
			children = (
				0CFF3AD22C1A27FD007AC8C8 /* Base */,
			);
			name = LaunchScreen.storyboard;
			sourceTree = "<group>";
		};
/* End PBXVariantGroup section */

/* Begin XCBuildConfiguration section */
		0CFF3AEB2C1A27FD007AC8C8 /* Debug */ = {
			isa = XCBuildConfiguration;
			buildSettings = {
				ALWAYS_SEARCH_USER_PATHS = NO;
				ASSETCATALOG_COMPILER_GENERATE_SWIFT_ASSET_SYMBOL_EXTENSIONS = YES;
				CLANG_ANALYZER_NONNULL = YES;
				CLANG_ANALYZER_NUMBER_OBJECT_CONVERSION = YES_AGGRESSIVE;
				CLANG_CXX_LANGUAGE_STANDARD = "gnu++20";
				CLANG_ENABLE_MODULES = YES;
				CLANG_ENABLE_OBJC_ARC = YES;
				CLANG_ENABLE_OBJC_WEAK = YES;
				CLANG_WARN_BLOCK_CAPTURE_AUTORELEASING = YES;
				CLANG_WARN_BOOL_CONVERSION = YES;
				CLANG_WARN_COMMA = YES;
				CLANG_WARN_CONSTANT_CONVERSION = YES;
				CLANG_WARN_DEPRECATED_OBJC_IMPLEMENTATIONS = YES;
				CLANG_WARN_DIRECT_OBJC_ISA_USAGE = YES_ERROR;
				CLANG_WARN_DOCUMENTATION_COMMENTS = YES;
				CLANG_WARN_EMPTY_BODY = YES;
				CLANG_WARN_ENUM_CONVERSION = YES;
				CLANG_WARN_INFINITE_RECURSION = YES;
				CLANG_WARN_INT_CONVERSION = YES;
				CLANG_WARN_NON_LITERAL_NULL_CONVERSION = YES;
				CLANG_WARN_OBJC_IMPLICIT_RETAIN_SELF = YES;
				CLANG_WARN_OBJC_LITERAL_CONVERSION = YES;
				CLANG_WARN_OBJC_ROOT_CLASS = YES_ERROR;
				CLANG_WARN_QUOTED_INCLUDE_IN_FRAMEWORK_HEADER = YES;
				CLANG_WARN_RANGE_LOOP_ANALYSIS = YES;
				CLANG_WARN_STRICT_PROTOTYPES = YES;
				CLANG_WARN_SUSPICIOUS_MOVE = YES;
				CLANG_WARN_UNGUARDED_AVAILABILITY = YES_AGGRESSIVE;
				CLANG_WARN_UNREACHABLE_CODE = YES;
				CLANG_WARN__DUPLICATE_METHOD_MATCH = YES;
				COPY_PHASE_STRIP = NO;
				DEBUG_INFORMATION_FORMAT = dwarf;
				ENABLE_STRICT_OBJC_MSGSEND = YES;
				ENABLE_TESTABILITY = YES;
				ENABLE_USER_SCRIPT_SANDBOXING = YES;
				GCC_C_LANGUAGE_STANDARD = gnu17;
				GCC_DYNAMIC_NO_PIC = NO;
				GCC_NO_COMMON_BLOCKS = YES;
				GCC_OPTIMIZATION_LEVEL = 0;
				GCC_PREPROCESSOR_DEFINITIONS = (
					"DEBUG=1",
					"$(inherited)",
				);
				GCC_WARN_64_TO_32_BIT_CONVERSION = YES;
				GCC_WARN_ABOUT_RETURN_TYPE = YES_ERROR;
				GCC_WARN_UNDECLARED_SELECTOR = YES;
				GCC_WARN_UNINITIALIZED_AUTOS = YES_AGGRESSIVE;
				GCC_WARN_UNUSED_FUNCTION = YES;
				GCC_WARN_UNUSED_VARIABLE = YES;
				IPHONEOS_DEPLOYMENT_TARGET = 17.5;
				LOCALIZATION_PREFERS_STRING_CATALOGS = YES;
				MTL_ENABLE_DEBUG_INFO = INCLUDE_SOURCE;
				MTL_FAST_MATH = YES;
				ONLY_ACTIVE_ARCH = YES;
				SDKROOT = iphoneos;
				SWIFT_ACTIVE_COMPILATION_CONDITIONS = "DEBUG $(inherited)";
				SWIFT_OPTIMIZATION_LEVEL = "-Onone";
			};
			name = Debug;
		};
		0CFF3AEC2C1A27FD007AC8C8 /* Release */ = {
			isa = XCBuildConfiguration;
			buildSettings = {
				ALWAYS_SEARCH_USER_PATHS = NO;
				ASSETCATALOG_COMPILER_GENERATE_SWIFT_ASSET_SYMBOL_EXTENSIONS = YES;
				CLANG_ANALYZER_NONNULL = YES;
				CLANG_ANALYZER_NUMBER_OBJECT_CONVERSION = YES_AGGRESSIVE;
				CLANG_CXX_LANGUAGE_STANDARD = "gnu++20";
				CLANG_ENABLE_MODULES = YES;
				CLANG_ENABLE_OBJC_ARC = YES;
				CLANG_ENABLE_OBJC_WEAK = YES;
				CLANG_WARN_BLOCK_CAPTURE_AUTORELEASING = YES;
				CLANG_WARN_BOOL_CONVERSION = YES;
				CLANG_WARN_COMMA = YES;
				CLANG_WARN_CONSTANT_CONVERSION = YES;
				CLANG_WARN_DEPRECATED_OBJC_IMPLEMENTATIONS = YES;
				CLANG_WARN_DIRECT_OBJC_ISA_USAGE = YES_ERROR;
				CLANG_WARN_DOCUMENTATION_COMMENTS = YES;
				CLANG_WARN_EMPTY_BODY = YES;
				CLANG_WARN_ENUM_CONVERSION = YES;
				CLANG_WARN_INFINITE_RECURSION = YES;
				CLANG_WARN_INT_CONVERSION = YES;
				CLANG_WARN_NON_LITERAL_NULL_CONVERSION = YES;
				CLANG_WARN_OBJC_IMPLICIT_RETAIN_SELF = YES;
				CLANG_WARN_OBJC_LITERAL_CONVERSION = YES;
				CLANG_WARN_OBJC_ROOT_CLASS = YES_ERROR;
				CLANG_WARN_QUOTED_INCLUDE_IN_FRAMEWORK_HEADER = YES;
				CLANG_WARN_RANGE_LOOP_ANALYSIS = YES;
				CLANG_WARN_STRICT_PROTOTYPES = YES;
				CLANG_WARN_SUSPICIOUS_MOVE = YES;
				CLANG_WARN_UNGUARDED_AVAILABILITY = YES_AGGRESSIVE;
				CLANG_WARN_UNREACHABLE_CODE = YES;
				CLANG_WARN__DUPLICATE_METHOD_MATCH = YES;
				COPY_PHASE_STRIP = NO;
				DEBUG_INFORMATION_FORMAT = "dwarf-with-dsym";
				ENABLE_NS_ASSERTIONS = NO;
				ENABLE_STRICT_OBJC_MSGSEND = YES;
				ENABLE_USER_SCRIPT_SANDBOXING = YES;
				GCC_C_LANGUAGE_STANDARD = gnu17;
				GCC_NO_COMMON_BLOCKS = YES;
				GCC_WARN_64_TO_32_BIT_CONVERSION = YES;
				GCC_WARN_ABOUT_RETURN_TYPE = YES_ERROR;
				GCC_WARN_UNDECLARED_SELECTOR = YES;
				GCC_WARN_UNINITIALIZED_AUTOS = YES_AGGRESSIVE;
				GCC_WARN_UNUSED_FUNCTION = YES;
				GCC_WARN_UNUSED_VARIABLE = YES;
				IPHONEOS_DEPLOYMENT_TARGET = 17.5;
				LOCALIZATION_PREFERS_STRING_CATALOGS = YES;
				MTL_ENABLE_DEBUG_INFO = NO;
				MTL_FAST_MATH = YES;
				SDKROOT = iphoneos;
				SWIFT_COMPILATION_MODE = wholemodule;
				VALIDATE_PRODUCT = YES;
			};
			name = Release;
		};
		0CFF3AEE2C1A27FD007AC8C8 /* Debug */ = {
			isa = XCBuildConfiguration;
			buildSettings = {
				ASSETCATALOG_COMPILER_APPICON_NAME = AppIcon;
				ASSETCATALOG_COMPILER_GLOBAL_ACCENT_COLOR_NAME = AccentColor;
				CODE_SIGN_STYLE = Automatic;
				CURRENT_PROJECT_VERSION = 1.0;
				GENERATE_INFOPLIST_FILE = YES;
				INFOPLIST_FILE = iTuneArtist/Info.plist;
				INFOPLIST_KEY_UIApplicationSupportsIndirectInputEvents = YES;
				INFOPLIST_KEY_UILaunchStoryboardName = LaunchScreen;
				INFOPLIST_KEY_UIMainStoryboardFile = Main;
				INFOPLIST_KEY_UISupportedInterfaceOrientations_iPad = "UIInterfaceOrientationPortrait UIInterfaceOrientationPortraitUpsideDown UIInterfaceOrientationLandscapeLeft UIInterfaceOrientationLandscapeRight";
				INFOPLIST_KEY_UISupportedInterfaceOrientations_iPhone = "UIInterfaceOrientationPortrait UIInterfaceOrientationLandscapeLeft UIInterfaceOrientationLandscapeRight";
				LD_RUNPATH_SEARCH_PATHS = (
					"$(inherited)",
					"@executable_path/Frameworks",
				);
				MARKETING_VERSION = 1.0;
				PRODUCT_BUNDLE_IDENTIFIER = com.kuldeepSingh.development.iTuneArtist;
				PRODUCT_NAME = "$(TARGET_NAME)";
				SWIFT_EMIT_LOC_STRINGS = YES;
				SWIFT_VERSION = 5.0;
				TARGETED_DEVICE_FAMILY = "1,2";
			};
			name = Debug;
		};
		0CFF3AEF2C1A27FD007AC8C8 /* Release */ = {
			isa = XCBuildConfiguration;
			buildSettings = {
				ASSETCATALOG_COMPILER_APPICON_NAME = AppIcon;
				ASSETCATALOG_COMPILER_GLOBAL_ACCENT_COLOR_NAME = AccentColor;
				CODE_SIGN_STYLE = Automatic;
				CURRENT_PROJECT_VERSION = 1.0;
				GENERATE_INFOPLIST_FILE = YES;
				INFOPLIST_FILE = iTuneArtist/Info.plist;
				INFOPLIST_KEY_UIApplicationSupportsIndirectInputEvents = YES;
				INFOPLIST_KEY_UILaunchStoryboardName = LaunchScreen;
				INFOPLIST_KEY_UIMainStoryboardFile = Main;
				INFOPLIST_KEY_UISupportedInterfaceOrientations_iPad = "UIInterfaceOrientationPortrait UIInterfaceOrientationPortraitUpsideDown UIInterfaceOrientationLandscapeLeft UIInterfaceOrientationLandscapeRight";
				INFOPLIST_KEY_UISupportedInterfaceOrientations_iPhone = "UIInterfaceOrientationPortrait UIInterfaceOrientationLandscapeLeft UIInterfaceOrientationLandscapeRight";
				LD_RUNPATH_SEARCH_PATHS = (
					"$(inherited)",
					"@executable_path/Frameworks",
				);
				MARKETING_VERSION = 1.0;
				PRODUCT_BUNDLE_IDENTIFIER = com.kuldeepSingh.development.iTuneArtist;
				PRODUCT_NAME = "$(TARGET_NAME)";
				SWIFT_EMIT_LOC_STRINGS = YES;
				SWIFT_VERSION = 5.0;
				TARGETED_DEVICE_FAMILY = "1,2";
			};
			name = Release;
		};
		0CFF3AF12C1A27FD007AC8C8 /* Debug */ = {
			isa = XCBuildConfiguration;
			buildSettings = {
				ALWAYS_EMBED_SWIFT_STANDARD_LIBRARIES = YES;
				BUNDLE_LOADER = "$(TEST_HOST)";
				CODE_SIGN_STYLE = Automatic;
				CURRENT_PROJECT_VERSION = 1;
				GENERATE_INFOPLIST_FILE = YES;
				IPHONEOS_DEPLOYMENT_TARGET = 17.5;
				MARKETING_VERSION = 1.0;
				PRODUCT_BUNDLE_IDENTIFIER = com.kuldeepSingh.development.iTuneArtistTests;
				PRODUCT_NAME = "$(TARGET_NAME)";
				SWIFT_EMIT_LOC_STRINGS = NO;
				SWIFT_VERSION = 5.0;
				TARGETED_DEVICE_FAMILY = "1,2";
				TEST_HOST = "$(BUILT_PRODUCTS_DIR)/iTuneArtist.app/$(BUNDLE_EXECUTABLE_FOLDER_PATH)/iTuneArtist";
			};
			name = Debug;
		};
		0CFF3AF22C1A27FD007AC8C8 /* Release */ = {
			isa = XCBuildConfiguration;
			buildSettings = {
				ALWAYS_EMBED_SWIFT_STANDARD_LIBRARIES = YES;
				BUNDLE_LOADER = "$(TEST_HOST)";
				CODE_SIGN_STYLE = Automatic;
				CURRENT_PROJECT_VERSION = 1;
				GENERATE_INFOPLIST_FILE = YES;
				IPHONEOS_DEPLOYMENT_TARGET = 17.5;
				MARKETING_VERSION = 1.0;
				PRODUCT_BUNDLE_IDENTIFIER = com.kuldeepSingh.development.iTuneArtistTests;
				PRODUCT_NAME = "$(TARGET_NAME)";
				SWIFT_EMIT_LOC_STRINGS = NO;
				SWIFT_VERSION = 5.0;
				TARGETED_DEVICE_FAMILY = "1,2";
				TEST_HOST = "$(BUILT_PRODUCTS_DIR)/iTuneArtist.app/$(BUNDLE_EXECUTABLE_FOLDER_PATH)/iTuneArtist";
			};
			name = Release;
		};
		0CFF3AF42C1A27FD007AC8C8 /* Debug */ = {
			isa = XCBuildConfiguration;
			buildSettings = {
				ALWAYS_EMBED_SWIFT_STANDARD_LIBRARIES = YES;
				CODE_SIGN_STYLE = Automatic;
				CURRENT_PROJECT_VERSION = 1;
				GENERATE_INFOPLIST_FILE = YES;
				MARKETING_VERSION = 1.0;
				PRODUCT_BUNDLE_IDENTIFIER = com.kuldeepSingh.development.iTuneArtistUITests;
				PRODUCT_NAME = "$(TARGET_NAME)";
				SWIFT_EMIT_LOC_STRINGS = NO;
				SWIFT_VERSION = 5.0;
				TARGETED_DEVICE_FAMILY = "1,2";
				TEST_TARGET_NAME = iTuneArtist;
			};
			name = Debug;
		};
		0CFF3AF52C1A27FD007AC8C8 /* Release */ = {
			isa = XCBuildConfiguration;
			buildSettings = {
				ALWAYS_EMBED_SWIFT_STANDARD_LIBRARIES = YES;
				CODE_SIGN_STYLE = Automatic;
				CURRENT_PROJECT_VERSION = 1;
				GENERATE_INFOPLIST_FILE = YES;
				MARKETING_VERSION = 1.0;
				PRODUCT_BUNDLE_IDENTIFIER = com.kuldeepSingh.development.iTuneArtistUITests;
				PRODUCT_NAME = "$(TARGET_NAME)";
				SWIFT_EMIT_LOC_STRINGS = NO;
				SWIFT_VERSION = 5.0;
				TARGETED_DEVICE_FAMILY = "1,2";
				TEST_TARGET_NAME = iTuneArtist;
			};
			name = Release;
		};
/* End XCBuildConfiguration section */

/* Begin XCConfigurationList section */
		0CFF3ABE2C1A27FC007AC8C8 /* Build configuration list for PBXProject "iTuneArtist" */ = {
			isa = XCConfigurationList;
			buildConfigurations = (
				0CFF3AEB2C1A27FD007AC8C8 /* Debug */,
				0CFF3AEC2C1A27FD007AC8C8 /* Release */,
			);
			defaultConfigurationIsVisible = 0;
			defaultConfigurationName = Release;
		};
		0CFF3AED2C1A27FD007AC8C8 /* Build configuration list for PBXNativeTarget "iTuneArtist" */ = {
			isa = XCConfigurationList;
			buildConfigurations = (
				0CFF3AEE2C1A27FD007AC8C8 /* Debug */,
				0CFF3AEF2C1A27FD007AC8C8 /* Release */,
			);
			defaultConfigurationIsVisible = 0;
			defaultConfigurationName = Release;
		};
		0CFF3AF02C1A27FD007AC8C8 /* Build configuration list for PBXNativeTarget "iTuneArtistTests" */ = {
			isa = XCConfigurationList;
			buildConfigurations = (
				0CFF3AF12C1A27FD007AC8C8 /* Debug */,
				0CFF3AF22C1A27FD007AC8C8 /* Release */,
			);
			defaultConfigurationIsVisible = 0;
			defaultConfigurationName = Release;
		};
		0CFF3AF32C1A27FD007AC8C8 /* Build configuration list for PBXNativeTarget "iTuneArtistUITests" */ = {
			isa = XCConfigurationList;
			buildConfigurations = (
				0CFF3AF42C1A27FD007AC8C8 /* Debug */,
				0CFF3AF52C1A27FD007AC8C8 /* Release */,
			);
			defaultConfigurationIsVisible = 0;
			defaultConfigurationName = Release;
		};
/* End XCConfigurationList section */
	};
	rootObject = 0CFF3ABB2C1A27FC007AC8C8 /* Project object */;
}
